// !$*UTF8*$!
{
	archiveVersion = 1;
	classes = {
	};
	objectVersion = 50;
	objects = {

/* Begin PBXBuildFile section */
		C9076AD222B5028800B0CBB3 /* UpdateService.swift in Sources */ = {isa = PBXBuildFile; fileRef = C9076AD122B5028800B0CBB3 /* UpdateService.swift */; };
		C9076AD422B5230B00B0CBB3 /* DriverAnnotation.swift in Sources */ = {isa = PBXBuildFile; fileRef = C9076AD322B5230B00B0CBB3 /* DriverAnnotation.swift */; };
		C9076AD622BAEC4100B0CBB3 /* PassengerAnnotation.swift in Sources */ = {isa = PBXBuildFile; fileRef = C9076AD522BAEC4100B0CBB3 /* PassengerAnnotation.swift */; };
		C91FF3D922BCFA5200BC3C05 /* UIViewControllerExt.swift in Sources */ = {isa = PBXBuildFile; fileRef = C91FF3D822BCFA5200BC3C05 /* UIViewControllerExt.swift */; };
		C91FF3DB22BD5BE000BC3C05 /* Alertable.swift in Sources */ = {isa = PBXBuildFile; fileRef = C91FF3DA22BD5BE000BC3C05 /* Alertable.swift */; };
		C949CA2522BE8CF8000ABD5A /* Main.storyboard in Resources */ = {isa = PBXBuildFile; fileRef = C949CA2422BE8CF8000ABD5A /* Main.storyboard */; };
		C949CA2722BE983E000ABD5A /* PickupVC.swift in Sources */ = {isa = PBXBuildFile; fileRef = C949CA2622BE983E000ABD5A /* PickupVC.swift */; };
		C949CA2922BE9A7E000ABD5A /* RoundedMapView.swift in Sources */ = {isa = PBXBuildFile; fileRef = C949CA2822BE9A7E000ABD5A /* RoundedMapView.swift */; };
		C9A6546722ACF3C50065BDAF /* LeftSidePanelVC.swift in Sources */ = {isa = PBXBuildFile; fileRef = C9A6546622ACF3C50065BDAF /* LeftSidePanelVC.swift */; };
		C9A6546A22ACF4510065BDAF /* ContainerVC.swift in Sources */ = {isa = PBXBuildFile; fileRef = C9A6546922ACF4510065BDAF /* ContainerVC.swift */; };
		C9A6546D22ACFA880065BDAF /* CentreVCDelegate.swift in Sources */ = {isa = PBXBuildFile; fileRef = C9A6546C22ACFA880065BDAF /* CentreVCDelegate.swift */; };
		C9A6547022AD48560065BDAF /* UIViewExt.swift in Sources */ = {isa = PBXBuildFile; fileRef = C9A6546F22AD48560065BDAF /* UIViewExt.swift */; };
		C9A6547222AD50D20065BDAF /* LoginVC.swift in Sources */ = {isa = PBXBuildFile; fileRef = C9A6547122AD50D20065BDAF /* LoginVC.swift */; };
		C9A6547422AD5A220065BDAF /* RoundedCornerTextField.swift in Sources */ = {isa = PBXBuildFile; fileRef = C9A6547322AD5A220065BDAF /* RoundedCornerTextField.swift */; };
		C9A6547622AED4830065BDAF /* GoogleService-Info.plist in Resources */ = {isa = PBXBuildFile; fileRef = C9A6547522AED4830065BDAF /* GoogleService-Info.plist */; };
		C9A6547922AEDDD90065BDAF /* DataService.swift in Sources */ = {isa = PBXBuildFile; fileRef = C9A6547822AEDDD90065BDAF /* DataService.swift */; };
		C9DAE15622A0168A007CB737 /* gradiantView.swift in Sources */ = {isa = PBXBuildFile; fileRef = C9DAE15522A0168A007CB737 /* gradiantView.swift */; };
		C9DAE15822A171C2007CB737 /* RoundedImageView.swift in Sources */ = {isa = PBXBuildFile; fileRef = C9DAE15722A171C2007CB737 /* RoundedImageView.swift */; };
		C9DAE15A22A172FE007CB737 /* RoundedShadowView.swift in Sources */ = {isa = PBXBuildFile; fileRef = C9DAE15922A172FE007CB737 /* RoundedShadowView.swift */; };
		C9DAE15C22A17509007CB737 /* circleView.swift in Sources */ = {isa = PBXBuildFile; fileRef = C9DAE15B22A17509007CB737 /* circleView.swift */; };
		C9DAE15E22A179A8007CB737 /* RoundedSadowButton.swift in Sources */ = {isa = PBXBuildFile; fileRef = C9DAE15D22A179A8007CB737 /* RoundedSadowButton.swift */; };
		C9E2A65B229799BC00CFBC79 /* AppDelegate.swift in Sources */ = {isa = PBXBuildFile; fileRef = C9E2A65A229799BC00CFBC79 /* AppDelegate.swift */; };
		C9E2A65D229799BC00CFBC79 /* HomeVC.swift in Sources */ = {isa = PBXBuildFile; fileRef = C9E2A65C229799BC00CFBC79 /* HomeVC.swift */; };
		C9E2A662229799BE00CFBC79 /* Assets.xcassets in Resources */ = {isa = PBXBuildFile; fileRef = C9E2A661229799BE00CFBC79 /* Assets.xcassets */; };
		C9E2A665229799BE00CFBC79 /* LaunchScreen.storyboard in Resources */ = {isa = PBXBuildFile; fileRef = C9E2A663229799BE00CFBC79 /* LaunchScreen.storyboard */; };
		DD99C784EB160AEC7813DA73 /* Pods_Uber_Clone.framework in Frameworks */ = {isa = PBXBuildFile; fileRef = C98B81A206F4C4A06B60EF13 /* Pods_Uber_Clone.framework */; };
/* End PBXBuildFile section */

/* Begin PBXFileReference section */
		34398347B32053B152A558C1 /* Pods-Uber_Clone.debug.xcconfig */ = {isa = PBXFileReference; includeInIndex = 1; lastKnownFileType = text.xcconfig; name = "Pods-Uber_Clone.debug.xcconfig"; path = "Pods/Target Support Files/Pods-Uber_Clone/Pods-Uber_Clone.debug.xcconfig"; sourceTree = "<group>"; };
		97A38249EB8146DE0BFEF115 /* Pods-Uber_Clone.release.xcconfig */ = {isa = PBXFileReference; includeInIndex = 1; lastKnownFileType = text.xcconfig; name = "Pods-Uber_Clone.release.xcconfig"; path = "Pods/Target Support Files/Pods-Uber_Clone/Pods-Uber_Clone.release.xcconfig"; sourceTree = "<group>"; };
		C9076AD122B5028800B0CBB3 /* UpdateService.swift */ = {isa = PBXFileReference; lastKnownFileType = sourcecode.swift; path = UpdateService.swift; sourceTree = "<group>"; };
		C9076AD322B5230B00B0CBB3 /* DriverAnnotation.swift */ = {isa = PBXFileReference; lastKnownFileType = sourcecode.swift; path = DriverAnnotation.swift; sourceTree = "<group>"; };
		C9076AD522BAEC4100B0CBB3 /* PassengerAnnotation.swift */ = {isa = PBXFileReference; lastKnownFileType = sourcecode.swift; path = PassengerAnnotation.swift; sourceTree = "<group>"; };
		C91FF3D822BCFA5200BC3C05 /* UIViewControllerExt.swift */ = {isa = PBXFileReference; lastKnownFileType = sourcecode.swift; path = UIViewControllerExt.swift; sourceTree = "<group>"; };
		C91FF3DA22BD5BE000BC3C05 /* Alertable.swift */ = {isa = PBXFileReference; lastKnownFileType = sourcecode.swift; path = Alertable.swift; sourceTree = "<group>"; };
		C949CA2422BE8CF8000ABD5A /* Main.storyboard */ = {isa = PBXFileReference; fileEncoding = 4; lastKnownFileType = file.storyboard; path = Main.storyboard; sourceTree = "<group>"; };
		C949CA2622BE983E000ABD5A /* PickupVC.swift */ = {isa = PBXFileReference; lastKnownFileType = sourcecode.swift; path = PickupVC.swift; sourceTree = "<group>"; };
		C949CA2822BE9A7E000ABD5A /* RoundedMapView.swift */ = {isa = PBXFileReference; lastKnownFileType = sourcecode.swift; path = RoundedMapView.swift; sourceTree = "<group>"; };
		C98B81A206F4C4A06B60EF13 /* Pods_Uber_Clone.framework */ = {isa = PBXFileReference; explicitFileType = wrapper.framework; includeInIndex = 0; path = Pods_Uber_Clone.framework; sourceTree = BUILT_PRODUCTS_DIR; };
		C9A6546622ACF3C50065BDAF /* LeftSidePanelVC.swift */ = {isa = PBXFileReference; lastKnownFileType = sourcecode.swift; path = LeftSidePanelVC.swift; sourceTree = "<group>"; };
		C9A6546922ACF4510065BDAF /* ContainerVC.swift */ = {isa = PBXFileReference; lastKnownFileType = sourcecode.swift; path = ContainerVC.swift; sourceTree = "<group>"; };
		C9A6546C22ACFA880065BDAF /* CentreVCDelegate.swift */ = {isa = PBXFileReference; lastKnownFileType = sourcecode.swift; path = CentreVCDelegate.swift; sourceTree = "<group>"; };
		C9A6546F22AD48560065BDAF /* UIViewExt.swift */ = {isa = PBXFileReference; lastKnownFileType = sourcecode.swift; path = UIViewExt.swift; sourceTree = "<group>"; };
		C9A6547122AD50D20065BDAF /* LoginVC.swift */ = {isa = PBXFileReference; lastKnownFileType = sourcecode.swift; path = LoginVC.swift; sourceTree = "<group>"; };
		C9A6547322AD5A220065BDAF /* RoundedCornerTextField.swift */ = {isa = PBXFileReference; lastKnownFileType = sourcecode.swift; path = RoundedCornerTextField.swift; sourceTree = "<group>"; };
		C9A6547522AED4830065BDAF /* GoogleService-Info.plist */ = {isa = PBXFileReference; fileEncoding = 4; lastKnownFileType = text.plist.xml; path = "GoogleService-Info.plist"; sourceTree = "<group>"; };
		C9A6547822AEDDD90065BDAF /* DataService.swift */ = {isa = PBXFileReference; lastKnownFileType = sourcecode.swift; path = DataService.swift; sourceTree = "<group>"; };
		C9DAE15522A0168A007CB737 /* gradiantView.swift */ = {isa = PBXFileReference; lastKnownFileType = sourcecode.swift; path = gradiantView.swift; sourceTree = "<group>"; };
		C9DAE15722A171C2007CB737 /* RoundedImageView.swift */ = {isa = PBXFileReference; lastKnownFileType = sourcecode.swift; path = RoundedImageView.swift; sourceTree = "<group>"; };
		C9DAE15922A172FE007CB737 /* RoundedShadowView.swift */ = {isa = PBXFileReference; lastKnownFileType = sourcecode.swift; path = RoundedShadowView.swift; sourceTree = "<group>"; };
		C9DAE15B22A17509007CB737 /* circleView.swift */ = {isa = PBXFileReference; lastKnownFileType = sourcecode.swift; path = circleView.swift; sourceTree = "<group>"; };
		C9DAE15D22A179A8007CB737 /* RoundedSadowButton.swift */ = {isa = PBXFileReference; lastKnownFileType = sourcecode.swift; path = RoundedSadowButton.swift; sourceTree = "<group>"; };
		C9E2A657229799BC00CFBC79 /* Uber_Clone.app */ = {isa = PBXFileReference; explicitFileType = wrapper.application; includeInIndex = 0; path = Uber_Clone.app; sourceTree = BUILT_PRODUCTS_DIR; };
		C9E2A65A229799BC00CFBC79 /* AppDelegate.swift */ = {isa = PBXFileReference; lastKnownFileType = sourcecode.swift; path = AppDelegate.swift; sourceTree = "<group>"; };
		C9E2A65C229799BC00CFBC79 /* HomeVC.swift */ = {isa = PBXFileReference; lastKnownFileType = sourcecode.swift; path = HomeVC.swift; sourceTree = "<group>"; };
		C9E2A661229799BE00CFBC79 /* Assets.xcassets */ = {isa = PBXFileReference; lastKnownFileType = folder.assetcatalog; path = Assets.xcassets; sourceTree = "<group>"; };
		C9E2A664229799BE00CFBC79 /* Base */ = {isa = PBXFileReference; lastKnownFileType = file.storyboard; name = Base; path = Base.lproj/LaunchScreen.storyboard; sourceTree = "<group>"; };
		C9E2A666229799BE00CFBC79 /* Info.plist */ = {isa = PBXFileReference; lastKnownFileType = text.plist.xml; path = Info.plist; sourceTree = "<group>"; };
/* End PBXFileReference section */

/* Begin PBXFrameworksBuildPhase section */
		C9E2A654229799BC00CFBC79 /* Frameworks */ = {
			isa = PBXFrameworksBuildPhase;
			buildActionMask = 2147483647;
			files = (
				DD99C784EB160AEC7813DA73 /* Pods_Uber_Clone.framework in Frameworks */,
			);
			runOnlyForDeploymentPostprocessing = 0;
		};
/* End PBXFrameworksBuildPhase section */

/* Begin PBXGroup section */
		AA7C1DCDBFFEE1BC2D8E6677 /* Frameworks */ = {
			isa = PBXGroup;
			children = (
				C98B81A206F4C4A06B60EF13 /* Pods_Uber_Clone.framework */,
			);
			name = Frameworks;
			sourceTree = "<group>";
		};
		C9A6546822ACF3EC0065BDAF /* SupportingFiles */ = {
			isa = PBXGroup;
			children = (
				C9E2A65A229799BC00CFBC79 /* AppDelegate.swift */,
				C949CA2422BE8CF8000ABD5A /* Main.storyboard */,
				C9E2A661229799BE00CFBC79 /* Assets.xcassets */,
				C9E2A663229799BE00CFBC79 /* LaunchScreen.storyboard */,
			);
			path = SupportingFiles;
			sourceTree = "<group>";
		};
		C9A6546B22ACFA690065BDAF /* Protocols */ = {
			isa = PBXGroup;
			children = (
				C9A6546C22ACFA880065BDAF /* CentreVCDelegate.swift */,
				C91FF3DA22BD5BE000BC3C05 /* Alertable.swift */,
			);
			path = Protocols;
			sourceTree = "<group>";
		};
		C9A6546E22AD48370065BDAF /* Extensions */ = {
			isa = PBXGroup;
			children = (
				C9A6546F22AD48560065BDAF /* UIViewExt.swift */,
				C91FF3D822BCFA5200BC3C05 /* UIViewControllerExt.swift */,
			);
			path = Extensions;
			sourceTree = "<group>";
		};
		C9A6547722AEDD9D0065BDAF /*  Servicies */ = {
			isa = PBXGroup;
			children = (
				C9A6547822AEDDD90065BDAF /* DataService.swift */,
				C9076AD122B5028800B0CBB3 /* UpdateService.swift */,
			);
			path = " Servicies";
			sourceTree = "<group>";
		};
		C9DAE15222A0162E007CB737 /* Controller */ = {
			isa = PBXGroup;
			children = (
				C9E2A65C229799BC00CFBC79 /* HomeVC.swift */,
				C9A6546622ACF3C50065BDAF /* LeftSidePanelVC.swift */,
				C9A6546922ACF4510065BDAF /* ContainerVC.swift */,
				C9A6547122AD50D20065BDAF /* LoginVC.swift */,
				C949CA2622BE983E000ABD5A /* PickupVC.swift */,
			);
			path = Controller;
			sourceTree = "<group>";
		};
		C9DAE15322A01638007CB737 /* View */ = {
			isa = PBXGroup;
			children = (
				C9DAE15522A0168A007CB737 /* gradiantView.swift */,
				C9DAE15722A171C2007CB737 /* RoundedImageView.swift */,
				C9DAE15922A172FE007CB737 /* RoundedShadowView.swift */,
				C9DAE15B22A17509007CB737 /* circleView.swift */,
				C9DAE15D22A179A8007CB737 /* RoundedSadowButton.swift */,
				C9A6547322AD5A220065BDAF /* RoundedCornerTextField.swift */,
				C9076AD322B5230B00B0CBB3 /* DriverAnnotation.swift */,
				C9076AD522BAEC4100B0CBB3 /* PassengerAnnotation.swift */,
				C949CA2822BE9A7E000ABD5A /* RoundedMapView.swift */,
			);
			path = View;
			sourceTree = "<group>";
		};
		C9DAE15422A01647007CB737 /* Model */ = {
			isa = PBXGroup;
			children = (
			);
			path = Model;
			sourceTree = "<group>";
		};
		C9E2A64E229799BC00CFBC79 = {
			isa = PBXGroup;
			children = (
				C9E2A659229799BC00CFBC79 /* Uber_Clone */,
				C9E2A658229799BC00CFBC79 /* Products */,
				E74817E42E390990A536C175 /* Pods */,
				AA7C1DCDBFFEE1BC2D8E6677 /* Frameworks */,
			);
			sourceTree = "<group>";
		};
		C9E2A658229799BC00CFBC79 /* Products */ = {
			isa = PBXGroup;
			children = (
				C9E2A657229799BC00CFBC79 /* Uber_Clone.app */,
			);
			name = Products;
			sourceTree = "<group>";
		};
		C9E2A659229799BC00CFBC79 /* Uber_Clone */ = {
			isa = PBXGroup;
			children = (
				C9A6547722AEDD9D0065BDAF /*  Servicies */,
				C9A6546E22AD48370065BDAF /* Extensions */,
				C9A6546B22ACFA690065BDAF /* Protocols */,
				C9DAE15422A01647007CB737 /* Model */,
				C9DAE15322A01638007CB737 /* View */,
				C9DAE15222A0162E007CB737 /* Controller */,
				C9A6546822ACF3EC0065BDAF /* SupportingFiles */,
				C9E2A666229799BE00CFBC79 /* Info.plist */,
				C9A6547522AED4830065BDAF /* GoogleService-Info.plist */,
			);
			path = Uber_Clone;
			sourceTree = "<group>";
		};
		E74817E42E390990A536C175 /* Pods */ = {
			isa = PBXGroup;
			children = (
				34398347B32053B152A558C1 /* Pods-Uber_Clone.debug.xcconfig */,
				97A38249EB8146DE0BFEF115 /* Pods-Uber_Clone.release.xcconfig */,
			);
			name = Pods;
			sourceTree = "<group>";
		};
/* End PBXGroup section */

/* Begin PBXNativeTarget section */
		C9E2A656229799BC00CFBC79 /* Uber_Clone */ = {
			isa = PBXNativeTarget;
			buildConfigurationList = C9E2A669229799BE00CFBC79 /* Build configuration list for PBXNativeTarget "Uber_Clone" */;
			buildPhases = (
				A5146E36D9DDCABB3261834A /* [CP] Check Pods Manifest.lock */,
				C9E2A653229799BC00CFBC79 /* Sources */,
				C9E2A654229799BC00CFBC79 /* Frameworks */,
				C9E2A655229799BC00CFBC79 /* Resources */,
				A7746BD2F4CDD4750EEC7596 /* [CP] Embed Pods Frameworks */,
			);
			buildRules = (
			);
			dependencies = (
			);
			name = Uber_Clone;
			productName = Uber_Clone;
			productReference = C9E2A657229799BC00CFBC79 /* Uber_Clone.app */;
			productType = "com.apple.product-type.application";
		};
/* End PBXNativeTarget section */

/* Begin PBXProject section */
		C9E2A64F229799BC00CFBC79 /* Project object */ = {
			isa = PBXProject;
			attributes = {
				LastSwiftUpdateCheck = 1020;
				LastUpgradeCheck = 1020;
				ORGANIZATIONNAME = zeyad;
				TargetAttributes = {
					C9E2A656229799BC00CFBC79 = {
						CreatedOnToolsVersion = 10.2.1;
					};
				};
			};
			buildConfigurationList = C9E2A652229799BC00CFBC79 /* Build configuration list for PBXProject "Uber_Clone" */;
			compatibilityVersion = "Xcode 9.3";
			developmentRegion = en;
			hasScannedForEncodings = 0;
			knownRegions = (
				en,
				Base,
			);
			mainGroup = C9E2A64E229799BC00CFBC79;
			productRefGroup = C9E2A658229799BC00CFBC79 /* Products */;
			projectDirPath = "";
			projectRoot = "";
			targets = (
				C9E2A656229799BC00CFBC79 /* Uber_Clone */,
			);
		};
/* End PBXProject section */

/* Begin PBXResourcesBuildPhase section */
		C9E2A655229799BC00CFBC79 /* Resources */ = {
			isa = PBXResourcesBuildPhase;
			buildActionMask = 2147483647;
			files = (
				C9E2A665229799BE00CFBC79 /* LaunchScreen.storyboard in Resources */,
				C9A6547622AED4830065BDAF /* GoogleService-Info.plist in Resources */,
				C9E2A662229799BE00CFBC79 /* Assets.xcassets in Resources */,
				C949CA2522BE8CF8000ABD5A /* Main.storyboard in Resources */,
			);
			runOnlyForDeploymentPostprocessing = 0;
		};
/* End PBXResourcesBuildPhase section */

/* Begin PBXShellScriptBuildPhase section */
		A5146E36D9DDCABB3261834A /* [CP] Check Pods Manifest.lock */ = {
			isa = PBXShellScriptBuildPhase;
			buildActionMask = 2147483647;
			files = (
			);
			inputFileListPaths = (
			);
			inputPaths = (
				"${PODS_PODFILE_DIR_PATH}/Podfile.lock",
				"${PODS_ROOT}/Manifest.lock",
			);
			name = "[CP] Check Pods Manifest.lock";
			outputFileListPaths = (
			);
			outputPaths = (
				"$(DERIVED_FILE_DIR)/Pods-Uber_Clone-checkManifestLockResult.txt",
			);
			runOnlyForDeploymentPostprocessing = 0;
			shellPath = /bin/sh;
			shellScript = "diff \"${PODS_PODFILE_DIR_PATH}/Podfile.lock\" \"${PODS_ROOT}/Manifest.lock\" > /dev/null\nif [ $? != 0 ] ; then\n    # print error to STDERR\n    echo \"error: The sandbox is not in sync with the Podfile.lock. Run 'pod install' or update your CocoaPods installation.\" >&2\n    exit 1\nfi\n# This output is used by Xcode 'outputs' to avoid re-running this script phase.\necho \"SUCCESS\" > \"${SCRIPT_OUTPUT_FILE_0}\"\n";
			showEnvVarsInLog = 0;
		};
		A7746BD2F4CDD4750EEC7596 /* [CP] Embed Pods Frameworks */ = {
			isa = PBXShellScriptBuildPhase;
			buildActionMask = 2147483647;
			files = (
			);
			inputFileListPaths = (
			);
			inputPaths = (
				"${SRCROOT}/Pods/Target Support Files/Pods-Uber_Clone/Pods-Uber_Clone-frameworks.sh",
				"${BUILT_PRODUCTS_DIR}/GTMSessionFetcher/GTMSessionFetcher.framework",
				"${BUILT_PRODUCTS_DIR}/GoogleUtilities/GoogleUtilities.framework",
				"${BUILT_PRODUCTS_DIR}/RevealingSplashView/RevealingSplashView.framework",
				"${BUILT_PRODUCTS_DIR}/leveldb-library/leveldb.framework",
				"${BUILT_PRODUCTS_DIR}/nanopb/nanopb.framework",
			);
			name = "[CP] Embed Pods Frameworks";
			outputFileListPaths = (
			);
			outputPaths = (
				"${TARGET_BUILD_DIR}/${FRAMEWORKS_FOLDER_PATH}/GTMSessionFetcher.framework",
				"${TARGET_BUILD_DIR}/${FRAMEWORKS_FOLDER_PATH}/GoogleUtilities.framework",
				"${TARGET_BUILD_DIR}/${FRAMEWORKS_FOLDER_PATH}/RevealingSplashView.framework",
				"${TARGET_BUILD_DIR}/${FRAMEWORKS_FOLDER_PATH}/leveldb.framework",
				"${TARGET_BUILD_DIR}/${FRAMEWORKS_FOLDER_PATH}/nanopb.framework",
			);
			runOnlyForDeploymentPostprocessing = 0;
			shellPath = /bin/sh;
			shellScript = "\"${SRCROOT}/Pods/Target Support Files/Pods-Uber_Clone/Pods-Uber_Clone-frameworks.sh\"\n";
			showEnvVarsInLog = 0;
		};
/* End PBXShellScriptBuildPhase section */

/* Begin PBXSourcesBuildPhase section */
		C9E2A653229799BC00CFBC79 /* Sources */ = {
			isa = PBXSourcesBuildPhase;
			buildActionMask = 2147483647;
			files = (
				C9DAE15822A171C2007CB737 /* RoundedImageView.swift in Sources */,
				C9A6547922AEDDD90065BDAF /* DataService.swift in Sources */,
				C91FF3D922BCFA5200BC3C05 /* UIViewControllerExt.swift in Sources */,
				C9E2A65D229799BC00CFBC79 /* HomeVC.swift in Sources */,
				C9A6547222AD50D20065BDAF /* LoginVC.swift in Sources */,
				C9DAE15A22A172FE007CB737 /* RoundedShadowView.swift in Sources */,
				C9A6546A22ACF4510065BDAF /* ContainerVC.swift in Sources */,
				C9076AD622BAEC4100B0CBB3 /* PassengerAnnotation.swift in Sources */,
				C9A6546722ACF3C50065BDAF /* LeftSidePanelVC.swift in Sources */,
				C9A6547022AD48560065BDAF /* UIViewExt.swift in Sources */,
				C9076AD422B5230B00B0CBB3 /* DriverAnnotation.swift in Sources */,
				C91FF3DB22BD5BE000BC3C05 /* Alertable.swift in Sources */,
				C9DAE15E22A179A8007CB737 /* RoundedSadowButton.swift in Sources */,
				C9076AD222B5028800B0CBB3 /* UpdateService.swift in Sources */,
				C9A6546D22ACFA880065BDAF /* CentreVCDelegate.swift in Sources */,
				C949CA2722BE983E000ABD5A /* PickupVC.swift in Sources */,
				C9DAE15622A0168A007CB737 /* gradiantView.swift in Sources */,
				C9A6547422AD5A220065BDAF /* RoundedCornerTextField.swift in Sources */,
				C9DAE15C22A17509007CB737 /* circleView.swift in Sources */,
				C9E2A65B229799BC00CFBC79 /* AppDelegate.swift in Sources */,
				C949CA2922BE9A7E000ABD5A /* RoundedMapView.swift in Sources */,
			);
			runOnlyForDeploymentPostprocessing = 0;
		};
/* End PBXSourcesBuildPhase section */

/* Begin PBXVariantGroup section */
		C9E2A663229799BE00CFBC79 /* LaunchScreen.storyboard */ = {
			isa = PBXVariantGroup;
			children = (
				C9E2A664229799BE00CFBC79 /* Base */,
			);
			name = LaunchScreen.storyboard;
			sourceTree = "<group>";
		};
/* End PBXVariantGroup section */

/* Begin XCBuildConfiguration section */
		C9E2A667229799BE00CFBC79 /* Debug */ = {
			isa = XCBuildConfiguration;
			buildSettings = {
				ALWAYS_SEARCH_USER_PATHS = NO;
				CLANG_ANALYZER_NONNULL = YES;
				CLANG_ANALYZER_NUMBER_OBJECT_CONVERSION = YES_AGGRESSIVE;
				CLANG_CXX_LANGUAGE_STANDARD = "gnu++14";
				CLANG_CXX_LIBRARY = "libc++";
				CLANG_ENABLE_MODULES = YES;
				CLANG_ENABLE_OBJC_ARC = YES;
				CLANG_ENABLE_OBJC_WEAK = YES;
				CLANG_WARN_BLOCK_CAPTURE_AUTORELEASING = YES;
				CLANG_WARN_BOOL_CONVERSION = YES;
				CLANG_WARN_COMMA = YES;
				CLANG_WARN_CONSTANT_CONVERSION = YES;
				CLANG_WARN_DEPRECATED_OBJC_IMPLEMENTATIONS = YES;
				CLANG_WARN_DIRECT_OBJC_ISA_USAGE = YES_ERROR;
				CLANG_WARN_DOCUMENTATION_COMMENTS = YES;
				CLANG_WARN_EMPTY_BODY = YES;
				CLANG_WARN_ENUM_CONVERSION = YES;
				CLANG_WARN_INFINITE_RECURSION = YES;
				CLANG_WARN_INT_CONVERSION = YES;
				CLANG_WARN_NON_LITERAL_NULL_CONVERSION = YES;
				CLANG_WARN_OBJC_IMPLICIT_RETAIN_SELF = YES;
				CLANG_WARN_OBJC_LITERAL_CONVERSION = YES;
				CLANG_WARN_OBJC_ROOT_CLASS = YES_ERROR;
				CLANG_WARN_RANGE_LOOP_ANALYSIS = YES;
				CLANG_WARN_STRICT_PROTOTYPES = YES;
				CLANG_WARN_SUSPICIOUS_MOVE = YES;
				CLANG_WARN_UNGUARDED_AVAILABILITY = YES_AGGRESSIVE;
				CLANG_WARN_UNREACHABLE_CODE = YES;
				CLANG_WARN__DUPLICATE_METHOD_MATCH = YES;
				CODE_SIGN_IDENTITY = "iPhone Developer";
				COPY_PHASE_STRIP = NO;
				DEBUG_INFORMATION_FORMAT = dwarf;
				ENABLE_STRICT_OBJC_MSGSEND = YES;
				ENABLE_TESTABILITY = YES;
				GCC_C_LANGUAGE_STANDARD = gnu11;
				GCC_DYNAMIC_NO_PIC = NO;
				GCC_NO_COMMON_BLOCKS = YES;
				GCC_OPTIMIZATION_LEVEL = 0;
				GCC_PREPROCESSOR_DEFINITIONS = (
					"DEBUG=1",
					"$(inherited)",
				);
				GCC_WARN_64_TO_32_BIT_CONVERSION = YES;
				GCC_WARN_ABOUT_RETURN_TYPE = YES_ERROR;
				GCC_WARN_UNDECLARED_SELECTOR = YES;
				GCC_WARN_UNINITIALIZED_AUTOS = YES_AGGRESSIVE;
				GCC_WARN_UNUSED_FUNCTION = YES;
				GCC_WARN_UNUSED_VARIABLE = YES;
				IPHONEOS_DEPLOYMENT_TARGET = 12.2;
				MTL_ENABLE_DEBUG_INFO = INCLUDE_SOURCE;
				MTL_FAST_MATH = YES;
				ONLY_ACTIVE_ARCH = YES;
				SDKROOT = iphoneos;
				SWIFT_ACTIVE_COMPILATION_CONDITIONS = DEBUG;
				SWIFT_OPTIMIZATION_LEVEL = "-Onone";
			};
			name = Debug;
		};
		C9E2A668229799BE00CFBC79 /* Release */ = {
			isa = XCBuildConfiguration;
			buildSettings = {
				ALWAYS_SEARCH_USER_PATHS = NO;
				CLANG_ANALYZER_NONNULL = YES;
				CLANG_ANALYZER_NUMBER_OBJECT_CONVERSION = YES_AGGRESSIVE;
				CLANG_CXX_LANGUAGE_STANDARD = "gnu++14";
				CLANG_CXX_LIBRARY = "libc++";
				CLANG_ENABLE_MODULES = YES;
				CLANG_ENABLE_OBJC_ARC = YES;
				CLANG_ENABLE_OBJC_WEAK = YES;
				CLANG_WARN_BLOCK_CAPTURE_AUTORELEASING = YES;
				CLANG_WARN_BOOL_CONVERSION = YES;
				CLANG_WARN_COMMA = YES;
				CLANG_WARN_CONSTANT_CONVERSION = YES;
				CLANG_WARN_DEPRECATED_OBJC_IMPLEMENTATIONS = YES;
				CLANG_WARN_DIRECT_OBJC_ISA_USAGE = YES_ERROR;
				CLANG_WARN_DOCUMENTATION_COMMENTS = YES;
				CLANG_WARN_EMPTY_BODY = YES;
				CLANG_WARN_ENUM_CONVERSION = YES;
				CLANG_WARN_INFINITE_RECURSION = YES;
				CLANG_WARN_INT_CONVERSION = YES;
				CLANG_WARN_NON_LITERAL_NULL_CONVERSION = YES;
				CLANG_WARN_OBJC_IMPLICIT_RETAIN_SELF = YES;
				CLANG_WARN_OBJC_LITERAL_CONVERSION = YES;
				CLANG_WARN_OBJC_ROOT_CLASS = YES_ERROR;
				CLANG_WARN_RANGE_LOOP_ANALYSIS = YES;
				CLANG_WARN_STRICT_PROTOTYPES = YES;
				CLANG_WARN_SUSPICIOUS_MOVE = YES;
				CLANG_WARN_UNGUARDED_AVAILABILITY = YES_AGGRESSIVE;
				CLANG_WARN_UNREACHABLE_CODE = YES;
				CLANG_WARN__DUPLICATE_METHOD_MATCH = YES;
				CODE_SIGN_IDENTITY = "iPhone Developer";
				COPY_PHASE_STRIP = NO;
				DEBUG_INFORMATION_FORMAT = "dwarf-with-dsym";
				ENABLE_NS_ASSERTIONS = NO;
				ENABLE_STRICT_OBJC_MSGSEND = YES;
				GCC_C_LANGUAGE_STANDARD = gnu11;
				GCC_NO_COMMON_BLOCKS = YES;
				GCC_WARN_64_TO_32_BIT_CONVERSION = YES;
				GCC_WARN_ABOUT_RETURN_TYPE = YES_ERROR;
				GCC_WARN_UNDECLARED_SELECTOR = YES;
				GCC_WARN_UNINITIALIZED_AUTOS = YES_AGGRESSIVE;
				GCC_WARN_UNUSED_FUNCTION = YES;
				GCC_WARN_UNUSED_VARIABLE = YES;
				IPHONEOS_DEPLOYMENT_TARGET = 12.2;
				MTL_ENABLE_DEBUG_INFO = NO;
				MTL_FAST_MATH = YES;
				SDKROOT = iphoneos;
				SWIFT_COMPILATION_MODE = wholemodule;
				SWIFT_OPTIMIZATION_LEVEL = "-O";
				VALIDATE_PRODUCT = YES;
			};
			name = Release;
		};
		C9E2A66A229799BE00CFBC79 /* Debug */ = {
			isa = XCBuildConfiguration;
			baseConfigurationReference = 34398347B32053B152A558C1 /* Pods-Uber_Clone.debug.xcconfig */;
			buildSettings = {
				ASSETCATALOG_COMPILER_APPICON_NAME = AppIcon;
				CODE_SIGN_IDENTITY = "iPhone Developer";
				CODE_SIGN_STYLE = Automatic;
				DEVELOPMENT_TEAM = 5ZLVWU5ZH5;
				INFOPLIST_FILE = Uber_Clone/Info.plist;
				LD_RUNPATH_SEARCH_PATHS = (
					"$(inherited)",
					"@executable_path/Frameworks",
				);
				PRODUCT_BUNDLE_IDENTIFIER = "com.zeyad.Uber-Clone";
				PRODUCT_NAME = "$(TARGET_NAME)";
				PROVISIONING_PROFILE_SPECIFIER = "";
				SWIFT_VERSION = 5.0;
				TARGETED_DEVICE_FAMILY = "1,2";
			};
			name = Debug;
		};
		C9E2A66B229799BE00CFBC79 /* Release */ = {
			isa = XCBuildConfiguration;
			baseConfigurationReference = 97A38249EB8146DE0BFEF115 /* Pods-Uber_Clone.release.xcconfig */;
			buildSettings = {
				ASSETCATALOG_COMPILER_APPICON_NAME = AppIcon;
				CODE_SIGN_IDENTITY = "iPhone Developer";
				CODE_SIGN_STYLE = Automatic;
				DEVELOPMENT_TEAM = 5ZLVWU5ZH5;
				INFOPLIST_FILE = Uber_Clone/Info.plist;
				LD_RUNPATH_SEARCH_PATHS = (
					"$(inherited)",
					"@executable_path/Frameworks",
				);
				PRODUCT_BUNDLE_IDENTIFIER = "com.zeyad.Uber-Clone";
				PRODUCT_NAME = "$(TARGET_NAME)";
				PROVISIONING_PROFILE_SPECIFIER = "";
				SWIFT_VERSION = 5.0;
				TARGETED_DEVICE_FAMILY = "1,2";
			};
			name = Release;
		};
/* End XCBuildConfiguration section */

/* Begin XCConfigurationList section */
		C9E2A652229799BC00CFBC79 /* Build configuration list for PBXProject "Uber_Clone" */ = {
			isa = XCConfigurationList;
			buildConfigurations = (
				C9E2A667229799BE00CFBC79 /* Debug */,
				C9E2A668229799BE00CFBC79 /* Release */,
			);
			defaultConfigurationIsVisible = 0;
			defaultConfigurationName = Release;
		};
		C9E2A669229799BE00CFBC79 /* Build configuration list for PBXNativeTarget "Uber_Clone" */ = {
			isa = XCConfigurationList;
			buildConfigurations = (
				C9E2A66A229799BE00CFBC79 /* Debug */,
				C9E2A66B229799BE00CFBC79 /* Release */,
			);
			defaultConfigurationIsVisible = 0;
			defaultConfigurationName = Release;
		};
/* End XCConfigurationList section */
	};
	rootObject = C9E2A64F229799BC00CFBC79 /* Project object */;
}
